// !$*UTF8*$!
{
	archiveVersion = 1;
	classes = {
	};
	objectVersion = 46;
	objects = {

/* Begin PBXBuildFile section */
		709CF8921D5242530025E1FF /* AppDelegate.swift in Sources */ = {isa = PBXBuildFile; fileRef = 709CF8911D5242530025E1FF /* AppDelegate.swift */; };
		709CF8941D5242530025E1FF /* ViewController.swift in Sources */ = {isa = PBXBuildFile; fileRef = 709CF8931D5242530025E1FF /* ViewController.swift */; };
		709CF8971D5242530025E1FF /* Main.storyboard in Resources */ = {isa = PBXBuildFile; fileRef = 709CF8951D5242530025E1FF /* Main.storyboard */; };
		709CF8991D5242530025E1FF /* Assets.xcassets in Resources */ = {isa = PBXBuildFile; fileRef = 709CF8981D5242530025E1FF /* Assets.xcassets */; };
		709CF89C1D5242530025E1FF /* LaunchScreen.storyboard in Resources */ = {isa = PBXBuildFile; fileRef = 709CF89A1D5242530025E1FF /* LaunchScreen.storyboard */; };
/* End PBXBuildFile section */

/* Begin PBXFileReference section */
		709CF88E1D5242530025E1FF /* GutHub.app */ = {isa = PBXFileReference; explicitFileType = wrapper.application; includeInIndex = 0; path = GutHub.app; sourceTree = BUILT_PRODUCTS_DIR; };
		709CF8911D5242530025E1FF /* AppDelegate.swift */ = {isa = PBXFileReference; lastKnownFileType = sourcecode.swift; path = AppDelegate.swift; sourceTree = "<group>"; };
		709CF8931D5242530025E1FF /* ViewController.swift */ = {isa = PBXFileReference; lastKnownFileType = sourcecode.swift; path = ViewController.swift; sourceTree = "<group>"; };
		709CF8961D5242530025E1FF /* Base */ = {isa = PBXFileReference; lastKnownFileType = file.storyboard; name = Base; path = Base.lproj/Main.storyboard; sourceTree = "<group>"; };
		709CF8981D5242530025E1FF /* Assets.xcassets */ = {isa = PBXFileReference; lastKnownFileType = folder.assetcatalog; path = Assets.xcassets; sourceTree = "<group>"; };
		709CF89B1D5242530025E1FF /* Base */ = {isa = PBXFileReference; lastKnownFileType = file.storyboard; name = Base; path = Base.lproj/LaunchScreen.storyboard; sourceTree = "<group>"; };
		709CF89D1D5242530025E1FF /* Info.plist */ = {isa = PBXFileReference; lastKnownFileType = text.plist.xml; path = Info.plist; sourceTree = "<group>"; };
/* End PBXFileReference section */

/* Begin PBXFrameworksBuildPhase section */
		709CF88B1D5242530025E1FF /* Frameworks */ = {
			isa = PBXFrameworksBuildPhase;
			buildActionMask = 2147483647;
			files = (
			);
			runOnlyForDeploymentPostprocessing = 0;
		};
/* End PBXFrameworksBuildPhase section */

/* Begin PBXGroup section */
		709CF8851D5242530025E1FF = {
			isa = PBXGroup;
			children = (
				709CF8901D5242530025E1FF /* GutHub */,
				709CF88F1D5242530025E1FF /* Products */,
			);
			sourceTree = "<group>";
		};
		709CF88F1D5242530025E1FF /* Products */ = {
			isa = PBXGroup;
			children = (
				709CF88E1D5242530025E1FF /* GutHub.app */,
			);
			name = Products;
			sourceTree = "<group>";
		};
		709CF8901D5242530025E1FF /* GutHub */ = {
			isa = PBXGroup;
			children = (
				709CF8911D5242530025E1FF /* AppDelegate.swift */,
				709CF8931D5242530025E1FF /* ViewController.swift */,
				709CF8951D5242530025E1FF /* Main.storyboard */,
				709CF8981D5242530025E1FF /* Assets.xcassets */,
				709CF89A1D5242530025E1FF /* LaunchScreen.storyboard */,
				709CF89D1D5242530025E1FF /* Info.plist */,
			);
			path = GutHub;
			sourceTree = "<group>";
		};
/* End PBXGroup section */

/* Begin PBXNativeTarget section */
		709CF88D1D5242530025E1FF /* GutHub */ = {
			isa = PBXNativeTarget;
			buildConfigurationList = 709CF8A01D5242530025E1FF /* Build configuration list for PBXNativeTarget "GutHub" */;
			buildPhases = (
				709CF88A1D5242530025E1FF /* Sources */,
				709CF88B1D5242530025E1FF /* Frameworks */,
				709CF88C1D5242530025E1FF /* Resources */,
			);
			buildRules = (
			);
			dependencies = (
			);
			name = GutHub;
			productName = GutHub;
			productReference = 709CF88E1D5242530025E1FF /* GutHub.app */;
			productType = "com.apple.product-type.application";
		};
/* End PBXNativeTarget section */

/* Begin PBXProject section */
		709CF8861D5242530025E1FF /* Project object */ = {
			isa = PBXProject;
			attributes = {
				LastSwiftUpdateCheck = 0730;
				LastUpgradeCheck = 0730;
				ORGANIZATIONNAME = Taburetka;
				TargetAttributes = {
					709CF88D1D5242530025E1FF = {
						CreatedOnToolsVersion = 7.3.1;
					};
				};
			};
			buildConfigurationList = 709CF8891D5242530025E1FF /* Build configuration list for PBXProject "GutHub" */;
			compatibilityVersion = "Xcode 3.2";
			developmentRegion = English;
			hasScannedForEncodings = 0;
			knownRegions = (
				en,
				Base,
			);
			mainGroup = 709CF8851D5242530025E1FF;
			productRefGroup = 709CF88F1D5242530025E1FF /* Products */;
			projectDirPath = "";
			projectRoot = "";
			targets = (
				709CF88D1D5242530025E1FF /* GutHub */,
			);
		};
/* End PBXProject section */

/* Begin PBXResourcesBuildPhase section */
		709CF88C1D5242530025E1FF /* Resources */ = {
			isa = PBXResourcesBuildPhase;
			buildActionMask = 2147483647;
			files = (
				709CF89C1D5242530025E1FF /* LaunchScreen.storyboard in Resources */,
				709CF8991D5242530025E1FF /* Assets.xcassets in Resources */,
				709CF8971D5242530025E1FF /* Main.storyboard in Resources */,
			);
			runOnlyForDeploymentPostprocessing = 0;
		};
/* End PBXResourcesBuildPhase section */

/* Begin PBXSourcesBuildPhase section */
		709CF88A1D5242530025E1FF /* Sources */ = {
			isa = PBXSourcesBuildPhase;
			buildActionMask = 2147483647;
			files = (
				709CF8941D5242530025E1FF /* ViewController.swift in Sources */,
				709CF8921D5242530025E1FF /* AppDelegate.swift in Sources */,
			);
			runOnlyForDeploymentPostprocessing = 0;
		};
/* End PBXSourcesBuildPhase section */

/* Begin PBXVariantGroup section */
		709CF8951D5242530025E1FF /* Main.storyboard */ = {
			isa = PBXVariantGroup;
			children = (
				709CF8961D5242530025E1FF /* Base */,
			);
			name = Main.storyboard;
			sourceTree = "<group>";
		};
		709CF89A1D5242530025E1FF /* LaunchScreen.storyboard */ = {
			isa = PBXVariantGroup;
			children = (
				709CF89B1D5242530025E1FF /* Base */,
			);
			name = LaunchScreen.storyboard;
			sourceTree = "<group>";
		};
/* End PBXVariantGroup section */

/* Begin XCBuildConfiguration section */
		709CF89E1D5242530025E1FF /* Debug */ = {
			isa = XCBuildConfiguration;
			buildSettings = {
				ALWAYS_SEARCH_USER_PATHS = NO;
				CLANG_ANALYZER_NONNULL = YES;
				CLANG_CXX_LANGUAGE_STANDARD = "gnu++0x";
				CLANG_CXX_LIBRARY = "libc++";
				CLANG_ENABLE_MODULES = YES;
				CLANG_ENABLE_OBJC_ARC = YES;
				CLANG_WARN_BOOL_CONVERSION = YES;
				CLANG_WARN_CONSTANT_CONVERSION = YES;
				CLANG_WARN_DIRECT_OBJC_ISA_USAGE = YES_ERROR;
				CLANG_WARN_EMPTY_BODY = YES;
				CLANG_WARN_ENUM_CONVERSION = YES;
				CLANG_WARN_INT_CONVERSION = YES;
				CLANG_WARN_OBJC_ROOT_CLASS = YES_ERROR;
				CLANG_WARN_UNREACHABLE_CODE = YES;
				CLANG_WARN__DUPLICATE_METHOD_MATCH = YES;
				"CODE_SIGN_IDENTITY[sdk=iphoneos*]" = "iPhone Developer";
				COPY_PHASE_STRIP = NO;
				DEBUG_INFORMATION_FORMAT = dwarf;
				ENABLE_STRICT_OBJC_MSGSEND = YES;
				ENABLE_TESTABILITY = YES;
				GCC_C_LANGUAGE_STANDARD = gnu99;
				GCC_DYNAMIC_NO_PIC = NO;
				GCC_NO_COMMON_BLOCKS = YES;
				GCC_OPTIMIZATION_LEVEL = 0;
				GCC_PREPROCESSOR_DEFINITIONS = (
					"DEBUG=1",
					"$(inherited)",
				);
				GCC_WARN_64_TO_32_BIT_CONVERSION = YES;
				GCC_WARN_ABOUT_RETURN_TYPE = YES_ERROR;
				GCC_WARN_UNDECLARED_SELECTOR = YES;
				GCC_WARN_UNINITIALIZED_AUTOS = YES_AGGRESSIVE;
				GCC_WARN_UNUSED_FUNCTION = YES;
				GCC_WARN_UNUSED_VARIABLE = YES;
				IPHONEOS_DEPLOYMENT_TARGET = 9.3;
				MTL_ENABLE_DEBUG_INFO = YES;
				ONLY_ACTIVE_ARCH = YES;
				SDKROOT = iphoneos;
				SWIFT_OPTIMIZATION_LEVEL = "-Onone";
			};
			name = Debug;
		};
		709CF89F1D5242530025E1FF /* Release */ = {
			isa = XCBuildConfiguration;
			buildSettings = {
				ALWAYS_SEARCH_USER_PATHS = NO;
				CLANG_ANALYZER_NONNULL = YES;
				CLANG_CXX_LANGUAGE_STANDARD = "gnu++0x";
				CLANG_CXX_LIBRARY = "libc++";
				CLANG_ENABLE_MODULES = YES;
				CLANG_ENABLE_OBJC_ARC = YES;
				CLANG_WARN_BOOL_CONVERSION = YES;
				CLANG_WARN_CONSTANT_CONVERSION = YES;
				CLANG_WARN_DIRECT_OBJC_ISA_USAGE = YES_ERROR;
				CLANG_WARN_EMPTY_BODY = YES;
				CLANG_WARN_ENUM_CONVERSION = YES;
				CLANG_WARN_INT_CONVERSION = YES;
				CLANG_WARN_OBJC_ROOT_CLASS = YES_ERROR;
				CLANG_WARN_UNREACHABLE_CODE = YES;
				CLANG_WARN__DUPLICATE_METHOD_MATCH = YES;
				"CODE_SIGN_IDENTITY[sdk=iphoneos*]" = "iPhone Developer";
				COPY_PHASE_STRIP = NO;
				DEBUG_INFORMATION_FORMAT = "dwarf-with-dsym";
				ENABLE_NS_ASSERTIONS = NO;
				ENABLE_STRICT_OBJC_MSGSEND = YES;
				GCC_C_LANGUAGE_STANDARD = gnu99;
				GCC_NO_COMMON_BLOCKS = YES;
				GCC_WARN_64_TO_32_BIT_CONVERSION = YES;
				GCC_WARN_ABOUT_RETURN_TYPE = YES_ERROR;
				GCC_WARN_UNDECLARED_SELECTOR = YES;
				GCC_WARN_UNINITIALIZED_AUTOS = YES_AGGRESSIVE;
				GCC_WARN_UNUSED_FUNCTION = YES;
				GCC_WARN_UNUSED_VARIABLE = YES;
				IPHONEOS_DEPLOYMENT_TARGET = 9.3;
				MTL_ENABLE_DEBUG_INFO = NO;
				SDKROOT = iphoneos;
				VALIDATE_PRODUCT = YES;
			};
			name = Release;
		};
		709CF8A11D5242530025E1FF /* Debug */ = {
			isa = XCBuildConfiguration;
			buildSettings = {
				ASSETCATALOG_COMPILER_APPICON_NAME = AppIcon;
				INFOPLIST_FILE = GutHub/Info.plist;
				LD_RUNPATH_SEARCH_PATHS = "$(inherited) @executable_path/Frameworks";
				PRODUCT_BUNDLE_IDENTIFIER = com.taburetka.GutHub;
				PRODUCT_NAME = "$(TARGET_NAME)";
			};
			name = Debug;
		};
		709CF8A21D5242530025E1FF /* Release */ = {
			isa = XCBuildConfiguration;
			buildSettings = {
				ASSETCATALOG_COMPILER_APPICON_NAME = AppIcon;
				INFOPLIST_FILE = GutHub/Info.plist;
				LD_RUNPATH_SEARCH_PATHS = "$(inherited) @executable_path/Frameworks";
				PRODUCT_BUNDLE_IDENTIFIER = com.taburetka.GutHub;
				PRODUCT_NAME = "$(TARGET_NAME)";
			};
			name = Release;
		};
/* End XCBuildConfiguration section */

/* Begin XCConfigurationList section */
		709CF8891D5242530025E1FF /* Build configuration list for PBXProject "GutHub" */ = {
			isa = XCConfigurationList;
			buildConfigurations = (
				709CF89E1D5242530025E1FF /* Debug */,
				709CF89F1D5242530025E1FF /* Release */,
			);
			defaultConfigurationIsVisible = 0;
			defaultConfigurationName = Release;
		};
		709CF8A01D5242530025E1FF /* Build configuration list for PBXNativeTarget "GutHub" */ = {
			isa = XCConfigurationList;
			buildConfigurations = (
				709CF8A11D5242530025E1FF /* Debug */,
				709CF8A21D5242530025E1FF /* Release */,
			);
			defaultConfigurationIsVisible = 0;
		};
/* End XCConfigurationList section */
	};
	rootObject = 709CF8861D5242530025E1FF /* Project object */;
}
